
Microsoft Visual Studio Solution File, Format Version 12.00
# Visual Studio Version 17
VisualStudioVersion = 17.9.34728.123
MinimumVisualStudioVersion = 10.0.40219.1
Project("{FAE04EC0-301F-11D3-BF4B-00C04F79EFBC}") = "Project8.0", "Project8.0\Project8.0.csproj", "{E5C758B2-669F-4EE7-9C14-C1E7DA2D1D11}"
EndProject
Global
	GlobalSection(SolutionConfigurationPlatforms) = preSolution
		Debug|Any CPU = Debug|Any CPU
		Release|Any CPU = Release|Any CPU
	EndGlobalSection
	GlobalSection(ProjectConfigurationPlatforms) = postSolution
		{E5C758B2-669F-4EE7-9C14-C1E7DA2D1D11}.Debug|Any CPU.ActiveCfg = Debug|Any CPU
		{E5C758B2-669F-4EE7-9C14-C1E7DA2D1D11}.Debug|Any CPU.Build.0 = Debug|Any CPU
		{E5C758B2-669F-4EE7-9C14-C1E7DA2D1D11}.Release|Any CPU.ActiveCfg = Release|Any CPU
		{E5C758B2-669F-4EE7-9C14-C1E7DA2D1D11}.Release|Any CPU.Build.0 = Release|Any CPU
	EndGlobalSection
	GlobalSection(SolutionProperties) = preSolution
		HideSolutionNode = FALSE
	EndGlobalSection
	GlobalSection(ExtensibilityGlobals) = postSolution
		SolutionGuid = {187A022C-C324-4597-B9D9-831314B41289}
	EndGlobalSection
EndGlobal
