
Microsoft Visual Studio Solution File, Format Version 12.00
# Visual Studio Version 17
VisualStudioVersion = 17.9.34728.123
MinimumVisualStudioVersion = 10.0.40219.1
Project("{FAE04EC0-301F-11D3-BF4B-00C04F79EFBC}") = "coreTestProject1Core5.0", "coreTestProject1Core5.0\coreTestProject1Core5.0.csproj", "{834C973C-F2D8-4C48-9424-351F316C2713}"
EndProject
Global
	GlobalSection(SolutionConfigurationPlatforms) = preSolution
		Debug|Any CPU = Debug|Any CPU
		Release|Any CPU = Release|Any CPU
	EndGlobalSection
	GlobalSection(ProjectConfigurationPlatforms) = postSolution
		{834C973C-F2D8-4C48-9424-351F316C2713}.Debug|Any CPU.ActiveCfg = Debug|Any CPU
		{834C973C-F2D8-4C48-9424-351F316C2713}.Debug|Any CPU.Build.0 = Debug|Any CPU
		{834C973C-F2D8-4C48-9424-351F316C2713}.Release|Any CPU.ActiveCfg = Release|Any CPU
		{834C973C-F2D8-4C48-9424-351F316C2713}.Release|Any CPU.Build.0 = Release|Any CPU
	EndGlobalSection
	GlobalSection(SolutionProperties) = preSolution
		HideSolutionNode = FALSE
	EndGlobalSection
	GlobalSection(ExtensibilityGlobals) = postSolution
		SolutionGuid = {137E6C5F-7242-45C7-8C7B-86E239244A46}
	EndGlobalSection
EndGlobal
