
Microsoft Visual Studio Solution File, Format Version 12.00
# Visual Studio Version 17
VisualStudioVersion = 17.9.34728.123
MinimumVisualStudioVersion = 10.0.40219.1
Project("{FAE04EC0-301F-11D3-BF4B-00C04F79EFBC}") = "Dependancy.Injection", "Dependancy.Injection\Dependancy.Injection.csproj", "{1EF0D536-145C-4C18-9E03-D3B69BD91F25}"
EndProject
Project("{FAE04EC0-301F-11D3-BF4B-00C04F79EFBC}") = "RNRITS.IEmployees", "RNRITS.IEmployees\RNRITS.IEmployees.csproj", "{0C2E71ED-3A59-4D7B-BC89-07ED0D65F63A}"
EndProject
Global
	GlobalSection(SolutionConfigurationPlatforms) = preSolution
		Debug|Any CPU = Debug|Any CPU
		Release|Any CPU = Release|Any CPU
	EndGlobalSection
	GlobalSection(ProjectConfigurationPlatforms) = postSolution
		{1EF0D536-145C-4C18-9E03-D3B69BD91F25}.Debug|Any CPU.ActiveCfg = Debug|Any CPU
		{1EF0D536-145C-4C18-9E03-D3B69BD91F25}.Debug|Any CPU.Build.0 = Debug|Any CPU
		{1EF0D536-145C-4C18-9E03-D3B69BD91F25}.Release|Any CPU.ActiveCfg = Release|Any CPU
		{1EF0D536-145C-4C18-9E03-D3B69BD91F25}.Release|Any CPU.Build.0 = Release|Any CPU
		{0C2E71ED-3A59-4D7B-BC89-07ED0D65F63A}.Debug|Any CPU.ActiveCfg = Debug|Any CPU
		{0C2E71ED-3A59-4D7B-BC89-07ED0D65F63A}.Debug|Any CPU.Build.0 = Debug|Any CPU
		{0C2E71ED-3A59-4D7B-BC89-07ED0D65F63A}.Release|Any CPU.ActiveCfg = Release|Any CPU
		{0C2E71ED-3A59-4D7B-BC89-07ED0D65F63A}.Release|Any CPU.Build.0 = Release|Any CPU
	EndGlobalSection
	GlobalSection(SolutionProperties) = preSolution
		HideSolutionNode = FALSE
	EndGlobalSection
	GlobalSection(ExtensibilityGlobals) = postSolution
		SolutionGuid = {4A8B599D-D236-4D64-A1B9-933151D3212B}
	EndGlobalSection
EndGlobal
