
Microsoft Visual Studio Solution File, Format Version 12.00
# Visual Studio Version 17
VisualStudioVersion = 17.9.34728.123
MinimumVisualStudioVersion = 10.0.40219.1
Project("{FAE04EC0-301F-11D3-BF4B-00C04F79EFBC}") = "Exmp1", "Exmp1\Exmp1.csproj", "{39C047B7-8519-4684-AAA0-870B8EEE5D33}"
EndProject
Global
	GlobalSection(SolutionConfigurationPlatforms) = preSolution
		Debug|Any CPU = Debug|Any CPU
		Release|Any CPU = Release|Any CPU
	EndGlobalSection
	GlobalSection(ProjectConfigurationPlatforms) = postSolution
		{39C047B7-8519-4684-AAA0-870B8EEE5D33}.Debug|Any CPU.ActiveCfg = Debug|Any CPU
		{39C047B7-8519-4684-AAA0-870B8EEE5D33}.Debug|Any CPU.Build.0 = Debug|Any CPU
		{39C047B7-8519-4684-AAA0-870B8EEE5D33}.Release|Any CPU.ActiveCfg = Release|Any CPU
		{39C047B7-8519-4684-AAA0-870B8EEE5D33}.Release|Any CPU.Build.0 = Release|Any CPU
	EndGlobalSection
	GlobalSection(SolutionProperties) = preSolution
		HideSolutionNode = FALSE
	EndGlobalSection
	GlobalSection(ExtensibilityGlobals) = postSolution
		SolutionGuid = {6B7EEA65-2F1F-40C7-BBDA-62BB91F7B688}
	EndGlobalSection
EndGlobal
