
Microsoft Visual Studio Solution File, Format Version 12.00
# Visual Studio Version 17
VisualStudioVersion = 17.9.34728.123
MinimumVisualStudioVersion = 10.0.40219.1
Project("{FAE04EC0-301F-11D3-BF4B-00C04F79EFBC}") = "EXMP 3 TIRE", "EXMP 3 TIRE\EXMP 3 TIRE.csproj", "{5FB16E7C-F341-4503-B81E-F7F93B914881}"
EndProject
Project("{FAE04EC0-301F-11D3-BF4B-00C04F79EFBC}") = "MODELS", "MODELS\MODELS.csproj", "{1F81E12B-9027-409F-802A-F0E367EBD498}"
EndProject
Project("{FAE04EC0-301F-11D3-BF4B-00C04F79EFBC}") = "DAL", "DAL\DAL.csproj", "{547C6349-B78C-4661-9FF8-A7229124BA6B}"
EndProject
Project("{FAE04EC0-301F-11D3-BF4B-00C04F79EFBC}") = "BAL", "BAL\BAL.csproj", "{8DE79991-3198-42DB-BD82-BEB30C5607F2}"
EndProject
Global
	GlobalSection(SolutionConfigurationPlatforms) = preSolution
		Debug|Any CPU = Debug|Any CPU
		Release|Any CPU = Release|Any CPU
	EndGlobalSection
	GlobalSection(ProjectConfigurationPlatforms) = postSolution
		{5FB16E7C-F341-4503-B81E-F7F93B914881}.Debug|Any CPU.ActiveCfg = Debug|Any CPU
		{5FB16E7C-F341-4503-B81E-F7F93B914881}.Debug|Any CPU.Build.0 = Debug|Any CPU
		{5FB16E7C-F341-4503-B81E-F7F93B914881}.Release|Any CPU.ActiveCfg = Release|Any CPU
		{5FB16E7C-F341-4503-B81E-F7F93B914881}.Release|Any CPU.Build.0 = Release|Any CPU
		{1F81E12B-9027-409F-802A-F0E367EBD498}.Debug|Any CPU.ActiveCfg = Debug|Any CPU
		{1F81E12B-9027-409F-802A-F0E367EBD498}.Debug|Any CPU.Build.0 = Debug|Any CPU
		{1F81E12B-9027-409F-802A-F0E367EBD498}.Release|Any CPU.ActiveCfg = Release|Any CPU
		{1F81E12B-9027-409F-802A-F0E367EBD498}.Release|Any CPU.Build.0 = Release|Any CPU
		{547C6349-B78C-4661-9FF8-A7229124BA6B}.Debug|Any CPU.ActiveCfg = Debug|Any CPU
		{547C6349-B78C-4661-9FF8-A7229124BA6B}.Debug|Any CPU.Build.0 = Debug|Any CPU
		{547C6349-B78C-4661-9FF8-A7229124BA6B}.Release|Any CPU.ActiveCfg = Release|Any CPU
		{547C6349-B78C-4661-9FF8-A7229124BA6B}.Release|Any CPU.Build.0 = Release|Any CPU
		{8DE79991-3198-42DB-BD82-BEB30C5607F2}.Debug|Any CPU.ActiveCfg = Debug|Any CPU
		{8DE79991-3198-42DB-BD82-BEB30C5607F2}.Debug|Any CPU.Build.0 = Debug|Any CPU
		{8DE79991-3198-42DB-BD82-BEB30C5607F2}.Release|Any CPU.ActiveCfg = Release|Any CPU
		{8DE79991-3198-42DB-BD82-BEB30C5607F2}.Release|Any CPU.Build.0 = Release|Any CPU
	EndGlobalSection
	GlobalSection(SolutionProperties) = preSolution
		HideSolutionNode = FALSE
	EndGlobalSection
	GlobalSection(ExtensibilityGlobals) = postSolution
		SolutionGuid = {592AF770-F1EE-4D92-AA66-7134C3F57903}
	EndGlobalSection
EndGlobal
